{
  "pins" : [
    {
      "identity" : "kmm-viewmodel",
      "kind" : "remoteSourceControl",
      "location" : "https://github.com/rickclephas/KMM-ViewModel.git",
      "state" : {
        "branch" : "master",
        "revision" : "4bd5d745e5b16f048924deb8db02cea8443b7205"
      }
    }
  ],
  "version" : 2
}
